// !$*UTF8*$!
{
	archiveVersion = 1;
	classes = {
	};
	objectVersion = 56;
	objects = {

/* Begin PBXBuildFile section */
		211D3E2D2B6934610007CF5D /* AppDelegate.swift in Sources */ = {isa = PBXBuildFile; fileRef = 211D3E2C2B6934610007CF5D /* AppDelegate.swift */; };
		211D3E2F2B6934610007CF5D /* SceneDelegate.swift in Sources */ = {isa = PBXBuildFile; fileRef = 211D3E2E2B6934610007CF5D /* SceneDelegate.swift */; };
		211D3E372B6934610007CF5D /* ChatApp.xcdatamodeld in Sources */ = {isa = PBXBuildFile; fileRef = 211D3E352B6934610007CF5D /* ChatApp.xcdatamodeld */; };
		211D3E392B6934620007CF5D /* Assets.xcassets in Resources */ = {isa = PBXBuildFile; fileRef = 211D3E382B6934620007CF5D /* Assets.xcassets */; };
		211D3E3C2B6934620007CF5D /* LaunchScreen.storyboard in Resources */ = {isa = PBXBuildFile; fileRef = 211D3E3A2B6934620007CF5D /* LaunchScreen.storyboard */; };
		216F66902B79086600C5255B /* GoogleService-Info.plist in Resources */ = {isa = PBXBuildFile; fileRef = 216F668F2B79086600C5255B /* GoogleService-Info.plist */; };
		216F669C2B79166C00C5255B /* LoginAndRegisterVC.swift in Sources */ = {isa = PBXBuildFile; fileRef = 216F669A2B79166C00C5255B /* LoginAndRegisterVC.swift */; };
		216F669D2B79166C00C5255B /* LoginAndRegisterVC.xib in Resources */ = {isa = PBXBuildFile; fileRef = 216F669B2B79166C00C5255B /* LoginAndRegisterVC.xib */; };
		EA150C8386BA675F85D27714 /* Pods_ChatApp.framework in Frameworks */ = {isa = PBXBuildFile; fileRef = BAD8FAAA1D938DD44D765C05 /* Pods_ChatApp.framework */; };
/* End PBXBuildFile section */

/* Begin PBXFileReference section */
		211D3E292B6934610007CF5D /* ChatApp.app */ = {isa = PBXFileReference; explicitFileType = wrapper.application; includeInIndex = 0; path = ChatApp.app; sourceTree = BUILT_PRODUCTS_DIR; };
		211D3E2C2B6934610007CF5D /* AppDelegate.swift */ = {isa = PBXFileReference; lastKnownFileType = sourcecode.swift; path = AppDelegate.swift; sourceTree = "<group>"; };
		211D3E2E2B6934610007CF5D /* SceneDelegate.swift */ = {isa = PBXFileReference; lastKnownFileType = sourcecode.swift; path = SceneDelegate.swift; sourceTree = "<group>"; };
		211D3E362B6934610007CF5D /* ChatApp.xcdatamodel */ = {isa = PBXFileReference; lastKnownFileType = wrapper.xcdatamodel; path = ChatApp.xcdatamodel; sourceTree = "<group>"; };
		211D3E382B6934620007CF5D /* Assets.xcassets */ = {isa = PBXFileReference; lastKnownFileType = folder.assetcatalog; path = Assets.xcassets; sourceTree = "<group>"; };
		211D3E3B2B6934620007CF5D /* Base */ = {isa = PBXFileReference; lastKnownFileType = file.storyboard; name = Base; path = Base.lproj/LaunchScreen.storyboard; sourceTree = "<group>"; };
		211D3E3D2B6934620007CF5D /* Info.plist */ = {isa = PBXFileReference; lastKnownFileType = text.plist.xml; path = Info.plist; sourceTree = "<group>"; };
		216F668F2B79086600C5255B /* GoogleService-Info.plist */ = {isa = PBXFileReference; fileEncoding = 4; lastKnownFileType = text.plist.xml; path = "GoogleService-Info.plist"; sourceTree = "<group>"; };
		216F669A2B79166C00C5255B /* LoginAndRegisterVC.swift */ = {isa = PBXFileReference; lastKnownFileType = sourcecode.swift; path = LoginAndRegisterVC.swift; sourceTree = "<group>"; };
		216F669B2B79166C00C5255B /* LoginAndRegisterVC.xib */ = {isa = PBXFileReference; lastKnownFileType = file.xib; path = LoginAndRegisterVC.xib; sourceTree = "<group>"; };
		929F2D8EB98E73683CA6CF78 /* Pods-ChatApp.release.xcconfig */ = {isa = PBXFileReference; includeInIndex = 1; lastKnownFileType = text.xcconfig; name = "Pods-ChatApp.release.xcconfig"; path = "Target Support Files/Pods-ChatApp/Pods-ChatApp.release.xcconfig"; sourceTree = "<group>"; };
		BAD8FAAA1D938DD44D765C05 /* Pods_ChatApp.framework */ = {isa = PBXFileReference; explicitFileType = wrapper.framework; includeInIndex = 0; path = Pods_ChatApp.framework; sourceTree = BUILT_PRODUCTS_DIR; };
		F57711DFDF34D4B8EBA196A5 /* Pods-ChatApp.debug.xcconfig */ = {isa = PBXFileReference; includeInIndex = 1; lastKnownFileType = text.xcconfig; name = "Pods-ChatApp.debug.xcconfig"; path = "Target Support Files/Pods-ChatApp/Pods-ChatApp.debug.xcconfig"; sourceTree = "<group>"; };
/* End PBXFileReference section */

/* Begin PBXFrameworksBuildPhase section */
		211D3E262B6934610007CF5D /* Frameworks */ = {
			isa = PBXFrameworksBuildPhase;
			buildActionMask = 2147483647;
			files = (
				EA150C8386BA675F85D27714 /* Pods_ChatApp.framework in Frameworks */,
			);
			runOnlyForDeploymentPostprocessing = 0;
		};
/* End PBXFrameworksBuildPhase section */

/* Begin PBXGroup section */
		211D3E202B6934610007CF5D = {
			isa = PBXGroup;
			children = (
				211D3E2B2B6934610007CF5D /* ChatApp */,
				211D3E2A2B6934610007CF5D /* Products */,
				5A37155F968391B0B3610E4D /* Pods */,
				EFF79019A0D50027858D57B2 /* Frameworks */,
			);
			sourceTree = "<group>";
		};
		211D3E2A2B6934610007CF5D /* Products */ = {
			isa = PBXGroup;
			children = (
				211D3E292B6934610007CF5D /* ChatApp.app */,
			);
			name = Products;
			sourceTree = "<group>";
		};
		211D3E2B2B6934610007CF5D /* ChatApp */ = {
			isa = PBXGroup;
			children = (
				216F66932B79157D00C5255B /* Scenes */,
				216F66922B79154E00C5255B /* Resources */,
				216F66912B79154500C5255B /* Core */,
				211D3E3D2B6934620007CF5D /* Info.plist */,
				211D3E352B6934610007CF5D /* ChatApp.xcdatamodeld */,
			);
			path = ChatApp;
			sourceTree = "<group>";
		};
		216F66912B79154500C5255B /* Core */ = {
			isa = PBXGroup;
			children = (
				211D3E2C2B6934610007CF5D /* AppDelegate.swift */,
				211D3E2E2B6934610007CF5D /* SceneDelegate.swift */,
			);
			path = Core;
			sourceTree = "<group>";
		};
		216F66922B79154E00C5255B /* Resources */ = {
			isa = PBXGroup;
			children = (
				211D3E382B6934620007CF5D /* Assets.xcassets */,
				211D3E3A2B6934620007CF5D /* LaunchScreen.storyboard */,
				216F668F2B79086600C5255B /* GoogleService-Info.plist */,
			);
			path = Resources;
			sourceTree = "<group>";
		};
		216F66932B79157D00C5255B /* Scenes */ = {
			isa = PBXGroup;
			children = (
				216F66952B79159600C5255B /* Authentication */,
				216F66942B79158D00C5255B /* SplashScreen */,
			);
			path = Scenes;
			sourceTree = "<group>";
		};
		216F66942B79158D00C5255B /* SplashScreen */ = {
			isa = PBXGroup;
			children = (
			);
			path = SplashScreen;
			sourceTree = "<group>";
		};
		216F66952B79159600C5255B /* Authentication */ = {
			isa = PBXGroup;
			children = (
				216F66962B7915A600C5255B /* Regestiration */,
			);
			path = Authentication;
			sourceTree = "<group>";
		};
		216F66962B7915A600C5255B /* Regestiration */ = {
			isa = PBXGroup;
			children = (
				216F66992B79164000C5255B /* Model */,
				216F66982B79163A00C5255B /* ViewModel */,
				216F66972B79163300C5255B /* View */,
			);
			path = Regestiration;
			sourceTree = "<group>";
		};
		216F66972B79163300C5255B /* View */ = {
			isa = PBXGroup;
			children = (
				216F669A2B79166C00C5255B /* LoginAndRegisterVC.swift */,
				216F669B2B79166C00C5255B /* LoginAndRegisterVC.xib */,
			);
			path = View;
			sourceTree = "<group>";
		};
		216F66982B79163A00C5255B /* ViewModel */ = {
			isa = PBXGroup;
			children = (
			);
			path = ViewModel;
			sourceTree = "<group>";
		};
		216F66992B79164000C5255B /* Model */ = {
			isa = PBXGroup;
			children = (
			);
			path = Model;
			sourceTree = "<group>";
		};
		5A37155F968391B0B3610E4D /* Pods */ = {
			isa = PBXGroup;
			children = (
				F57711DFDF34D4B8EBA196A5 /* Pods-ChatApp.debug.xcconfig */,
				929F2D8EB98E73683CA6CF78 /* Pods-ChatApp.release.xcconfig */,
			);
			path = Pods;
			sourceTree = "<group>";
		};
		EFF79019A0D50027858D57B2 /* Frameworks */ = {
			isa = PBXGroup;
			children = (
				BAD8FAAA1D938DD44D765C05 /* Pods_ChatApp.framework */,
			);
			name = Frameworks;
			sourceTree = "<group>";
		};
/* End PBXGroup section */

/* Begin PBXNativeTarget section */
		211D3E282B6934610007CF5D /* ChatApp */ = {
			isa = PBXNativeTarget;
			buildConfigurationList = 211D3E402B6934620007CF5D /* Build configuration list for PBXNativeTarget "ChatApp" */;
			buildPhases = (
				0E442DC40AFA93292E551D5B /* [CP] Check Pods Manifest.lock */,
				211D3E252B6934610007CF5D /* Sources */,
				211D3E262B6934610007CF5D /* Frameworks */,
				211D3E272B6934610007CF5D /* Resources */,
				68B8E7A2ED5655B37C502DC9 /* [CP] Embed Pods Frameworks */,
			);
			buildRules = (
			);
			dependencies = (
			);
			name = ChatApp;
			productName = ChatApp;
			productReference = 211D3E292B6934610007CF5D /* ChatApp.app */;
			productType = "com.apple.product-type.application";
		};
/* End PBXNativeTarget section */

/* Begin PBXProject section */
		211D3E212B6934610007CF5D /* Project object */ = {
			isa = PBXProject;
			attributes = {
				BuildIndependentTargetsInParallel = 1;
				LastSwiftUpdateCheck = 1430;
				LastUpgradeCheck = 1430;
				TargetAttributes = {
					211D3E282B6934610007CF5D = {
						CreatedOnToolsVersion = 14.3;
					};
				};
			};
			buildConfigurationList = 211D3E242B6934610007CF5D /* Build configuration list for PBXProject "ChatApp" */;
			compatibilityVersion = "Xcode 14.0";
			developmentRegion = en;
			hasScannedForEncodings = 0;
			knownRegions = (
				en,
				Base,
			);
			mainGroup = 211D3E202B6934610007CF5D;
			productRefGroup = 211D3E2A2B6934610007CF5D /* Products */;
			projectDirPath = "";
			projectRoot = "";
			targets = (
				211D3E282B6934610007CF5D /* ChatApp */,
			);
		};
/* End PBXProject section */

/* Begin PBXResourcesBuildPhase section */
		211D3E272B6934610007CF5D /* Resources */ = {
			isa = PBXResourcesBuildPhase;
			buildActionMask = 2147483647;
			files = (
				211D3E3C2B6934620007CF5D /* LaunchScreen.storyboard in Resources */,
				216F669D2B79166C00C5255B /* LoginAndRegisterVC.xib in Resources */,
				216F66902B79086600C5255B /* GoogleService-Info.plist in Resources */,
				211D3E392B6934620007CF5D /* Assets.xcassets in Resources */,
			);
			runOnlyForDeploymentPostprocessing = 0;
		};
/* End PBXResourcesBuildPhase section */

/* Begin PBXShellScriptBuildPhase section */
		0E442DC40AFA93292E551D5B /* [CP] Check Pods Manifest.lock */ = {
			isa = PBXShellScriptBuildPhase;
			buildActionMask = 2147483647;
			files = (
			);
			inputFileListPaths = (
			);
			inputPaths = (
				"${PODS_PODFILE_DIR_PATH}/Podfile.lock",
				"${PODS_ROOT}/Manifest.lock",
			);
			name = "[CP] Check Pods Manifest.lock";
			outputFileListPaths = (
			);
			outputPaths = (
				"$(DERIVED_FILE_DIR)/Pods-ChatApp-checkManifestLockResult.txt",
			);
			runOnlyForDeploymentPostprocessing = 0;
			shellPath = /bin/sh;
			shellScript = "diff \"${PODS_PODFILE_DIR_PATH}/Podfile.lock\" \"${PODS_ROOT}/Manifest.lock\" > /dev/null\nif [ $? != 0 ] ; then\n    # print error to STDERR\n    echo \"error: The sandbox is not in sync with the Podfile.lock. Run 'pod install' or update your CocoaPods installation.\" >&2\n    exit 1\nfi\n# This output is used by Xcode 'outputs' to avoid re-running this script phase.\necho \"SUCCESS\" > \"${SCRIPT_OUTPUT_FILE_0}\"\n";
			showEnvVarsInLog = 0;
		};
		68B8E7A2ED5655B37C502DC9 /* [CP] Embed Pods Frameworks */ = {
			isa = PBXShellScriptBuildPhase;
			buildActionMask = 2147483647;
			files = (
			);
			inputFileListPaths = (
				"${PODS_ROOT}/Target Support Files/Pods-ChatApp/Pods-ChatApp-frameworks-${CONFIGURATION}-input-files.xcfilelist",
			);
			name = "[CP] Embed Pods Frameworks";
			outputFileListPaths = (
				"${PODS_ROOT}/Target Support Files/Pods-ChatApp/Pods-ChatApp-frameworks-${CONFIGURATION}-output-files.xcfilelist",
			);
			runOnlyForDeploymentPostprocessing = 0;
			shellPath = /bin/sh;
			shellScript = "\"${PODS_ROOT}/Target Support Files/Pods-ChatApp/Pods-ChatApp-frameworks.sh\"\n";
			showEnvVarsInLog = 0;
		};
/* End PBXShellScriptBuildPhase section */

/* Begin PBXSourcesBuildPhase section */
		211D3E252B6934610007CF5D /* Sources */ = {
			isa = PBXSourcesBuildPhase;
			buildActionMask = 2147483647;
			files = (
				211D3E372B6934610007CF5D /* ChatApp.xcdatamodeld in Sources */,
				216F669C2B79166C00C5255B /* LoginAndRegisterVC.swift in Sources */,
				211D3E2D2B6934610007CF5D /* AppDelegate.swift in Sources */,
				211D3E2F2B6934610007CF5D /* SceneDelegate.swift in Sources */,
			);
			runOnlyForDeploymentPostprocessing = 0;
		};
/* End PBXSourcesBuildPhase section */

/* Begin PBXVariantGroup section */
		211D3E3A2B6934620007CF5D /* LaunchScreen.storyboard */ = {
			isa = PBXVariantGroup;
			children = (
				211D3E3B2B6934620007CF5D /* Base */,
			);
			name = LaunchScreen.storyboard;
			sourceTree = "<group>";
		};
/* End PBXVariantGroup section */

/* Begin XCBuildConfiguration section */
		211D3E3E2B6934620007CF5D /* Debug */ = {
			isa = XCBuildConfiguration;
			buildSettings = {
				ALWAYS_SEARCH_USER_PATHS = NO;
				CLANG_ANALYZER_NONNULL = YES;
				CLANG_ANALYZER_NUMBER_OBJECT_CONVERSION = YES_AGGRESSIVE;
				CLANG_CXX_LANGUAGE_STANDARD = "gnu++20";
				CLANG_ENABLE_MODULES = YES;
				CLANG_ENABLE_OBJC_ARC = YES;
				CLANG_ENABLE_OBJC_WEAK = YES;
				CLANG_WARN_BLOCK_CAPTURE_AUTORELEASING = YES;
				CLANG_WARN_BOOL_CONVERSION = YES;
				CLANG_WARN_COMMA = YES;
				CLANG_WARN_CONSTANT_CONVERSION = YES;
				CLANG_WARN_DEPRECATED_OBJC_IMPLEMENTATIONS = YES;
				CLANG_WARN_DIRECT_OBJC_ISA_USAGE = YES_ERROR;
				CLANG_WARN_DOCUMENTATION_COMMENTS = YES;
				CLANG_WARN_EMPTY_BODY = YES;
				CLANG_WARN_ENUM_CONVERSION = YES;
				CLANG_WARN_INFINITE_RECURSION = YES;
				CLANG_WARN_INT_CONVERSION = YES;
				CLANG_WARN_NON_LITERAL_NULL_CONVERSION = YES;
				CLANG_WARN_OBJC_IMPLICIT_RETAIN_SELF = YES;
				CLANG_WARN_OBJC_LITERAL_CONVERSION = YES;
				CLANG_WARN_OBJC_ROOT_CLASS = YES_ERROR;
				CLANG_WARN_QUOTED_INCLUDE_IN_FRAMEWORK_HEADER = YES;
				CLANG_WARN_RANGE_LOOP_ANALYSIS = YES;
				CLANG_WARN_STRICT_PROTOTYPES = YES;
				CLANG_WARN_SUSPICIOUS_MOVE = YES;
				CLANG_WARN_UNGUARDED_AVAILABILITY = YES_AGGRESSIVE;
				CLANG_WARN_UNREACHABLE_CODE = YES;
				CLANG_WARN__DUPLICATE_METHOD_MATCH = YES;
				COPY_PHASE_STRIP = NO;
				DEBUG_INFORMATION_FORMAT = dwarf;
				ENABLE_STRICT_OBJC_MSGSEND = YES;
				ENABLE_TESTABILITY = YES;
				GCC_C_LANGUAGE_STANDARD = gnu11;
				GCC_DYNAMIC_NO_PIC = NO;
				GCC_NO_COMMON_BLOCKS = YES;
				GCC_OPTIMIZATION_LEVEL = 0;
				GCC_PREPROCESSOR_DEFINITIONS = (
					"DEBUG=1",
					"$(inherited)",
				);
				GCC_WARN_64_TO_32_BIT_CONVERSION = YES;
				GCC_WARN_ABOUT_RETURN_TYPE = YES_ERROR;
				GCC_WARN_UNDECLARED_SELECTOR = YES;
				GCC_WARN_UNINITIALIZED_AUTOS = YES_AGGRESSIVE;
				GCC_WARN_UNUSED_FUNCTION = YES;
				GCC_WARN_UNUSED_VARIABLE = YES;
				IPHONEOS_DEPLOYMENT_TARGET = 16.4;
				MTL_ENABLE_DEBUG_INFO = INCLUDE_SOURCE;
				MTL_FAST_MATH = YES;
				ONLY_ACTIVE_ARCH = YES;
				SDKROOT = iphoneos;
				SWIFT_ACTIVE_COMPILATION_CONDITIONS = DEBUG;
				SWIFT_OPTIMIZATION_LEVEL = "-Onone";
			};
			name = Debug;
		};
		211D3E3F2B6934620007CF5D /* Release */ = {
			isa = XCBuildConfiguration;
			buildSettings = {
				ALWAYS_SEARCH_USER_PATHS = NO;
				CLANG_ANALYZER_NONNULL = YES;
				CLANG_ANALYZER_NUMBER_OBJECT_CONVERSION = YES_AGGRESSIVE;
				CLANG_CXX_LANGUAGE_STANDARD = "gnu++20";
				CLANG_ENABLE_MODULES = YES;
				CLANG_ENABLE_OBJC_ARC = YES;
				CLANG_ENABLE_OBJC_WEAK = YES;
				CLANG_WARN_BLOCK_CAPTURE_AUTORELEASING = YES;
				CLANG_WARN_BOOL_CONVERSION = YES;
				CLANG_WARN_COMMA = YES;
				CLANG_WARN_CONSTANT_CONVERSION = YES;
				CLANG_WARN_DEPRECATED_OBJC_IMPLEMENTATIONS = YES;
				CLANG_WARN_DIRECT_OBJC_ISA_USAGE = YES_ERROR;
				CLANG_WARN_DOCUMENTATION_COMMENTS = YES;
				CLANG_WARN_EMPTY_BODY = YES;
				CLANG_WARN_ENUM_CONVERSION = YES;
				CLANG_WARN_INFINITE_RECURSION = YES;
				CLANG_WARN_INT_CONVERSION = YES;
				CLANG_WARN_NON_LITERAL_NULL_CONVERSION = YES;
				CLANG_WARN_OBJC_IMPLICIT_RETAIN_SELF = YES;
				CLANG_WARN_OBJC_LITERAL_CONVERSION = YES;
				CLANG_WARN_OBJC_ROOT_CLASS = YES_ERROR;
				CLANG_WARN_QUOTED_INCLUDE_IN_FRAMEWORK_HEADER = YES;
				CLANG_WARN_RANGE_LOOP_ANALYSIS = YES;
				CLANG_WARN_STRICT_PROTOTYPES = YES;
				CLANG_WARN_SUSPICIOUS_MOVE = YES;
				CLANG_WARN_UNGUARDED_AVAILABILITY = YES_AGGRESSIVE;
				CLANG_WARN_UNREACHABLE_CODE = YES;
				CLANG_WARN__DUPLICATE_METHOD_MATCH = YES;
				COPY_PHASE_STRIP = NO;
				DEBUG_INFORMATION_FORMAT = "dwarf-with-dsym";
				ENABLE_NS_ASSERTIONS = NO;
				ENABLE_STRICT_OBJC_MSGSEND = YES;
				GCC_C_LANGUAGE_STANDARD = gnu11;
				GCC_NO_COMMON_BLOCKS = YES;
				GCC_WARN_64_TO_32_BIT_CONVERSION = YES;
				GCC_WARN_ABOUT_RETURN_TYPE = YES_ERROR;
				GCC_WARN_UNDECLARED_SELECTOR = YES;
				GCC_WARN_UNINITIALIZED_AUTOS = YES_AGGRESSIVE;
				GCC_WARN_UNUSED_FUNCTION = YES;
				GCC_WARN_UNUSED_VARIABLE = YES;
				IPHONEOS_DEPLOYMENT_TARGET = 16.4;
				MTL_ENABLE_DEBUG_INFO = NO;
				MTL_FAST_MATH = YES;
				SDKROOT = iphoneos;
				SWIFT_COMPILATION_MODE = wholemodule;
				SWIFT_OPTIMIZATION_LEVEL = "-O";
				VALIDATE_PRODUCT = YES;
			};
			name = Release;
		};
		211D3E412B6934620007CF5D /* Debug */ = {
			isa = XCBuildConfiguration;
			baseConfigurationReference = F57711DFDF34D4B8EBA196A5 /* Pods-ChatApp.debug.xcconfig */;
			buildSettings = {
				ASSETCATALOG_COMPILER_APPICON_NAME = AppIcon;
				ASSETCATALOG_COMPILER_GLOBAL_ACCENT_COLOR_NAME = AccentColor;
				CODE_SIGN_STYLE = Automatic;
				CURRENT_PROJECT_VERSION = 1;
				DEVELOPMENT_TEAM = NU3L58K3P3;
				GENERATE_INFOPLIST_FILE = YES;
				INFOPLIST_FILE = ChatApp/Info.plist;
				INFOPLIST_KEY_UIApplicationSupportsIndirectInputEvents = YES;
				INFOPLIST_KEY_UILaunchStoryboardName = LaunchScreen;
				INFOPLIST_KEY_UISupportedInterfaceOrientations_iPad = "UIInterfaceOrientationPortrait UIInterfaceOrientationPortraitUpsideDown UIInterfaceOrientationLandscapeLeft UIInterfaceOrientationLandscapeRight";
				INFOPLIST_KEY_UISupportedInterfaceOrientations_iPhone = "UIInterfaceOrientationPortrait UIInterfaceOrientationLandscapeLeft UIInterfaceOrientationLandscapeRight";
				LD_RUNPATH_SEARCH_PATHS = (
					"$(inherited)",
					"@executable_path/Frameworks",
				);
				MARKETING_VERSION = 1.0;
				PRODUCT_BUNDLE_IDENTIFIER = com.iOSChatApp.demo;
				PRODUCT_NAME = "$(TARGET_NAME)";
				SWIFT_EMIT_LOC_STRINGS = YES;
				SWIFT_VERSION = 5.0;
				TARGETED_DEVICE_FAMILY = "1,2";
			};
			name = Debug;
		};
		211D3E422B6934620007CF5D /* Release */ = {
			isa = XCBuildConfiguration;
			baseConfigurationReference = 929F2D8EB98E73683CA6CF78 /* Pods-ChatApp.release.xcconfig */;
			buildSettings = {
				ASSETCATALOG_COMPILER_APPICON_NAME = AppIcon;
				ASSETCATALOG_COMPILER_GLOBAL_ACCENT_COLOR_NAME = AccentColor;
				CODE_SIGN_STYLE = Automatic;
				CURRENT_PROJECT_VERSION = 1;
				DEVELOPMENT_TEAM = NU3L58K3P3;
				GENERATE_INFOPLIST_FILE = YES;
				INFOPLIST_FILE = ChatApp/Info.plist;
				INFOPLIST_KEY_UIApplicationSupportsIndirectInputEvents = YES;
				INFOPLIST_KEY_UILaunchStoryboardName = LaunchScreen;
				INFOPLIST_KEY_UISupportedInterfaceOrientations_iPad = "UIInterfaceOrientationPortrait UIInterfaceOrientationPortraitUpsideDown UIInterfaceOrientationLandscapeLeft UIInterfaceOrientationLandscapeRight";
				INFOPLIST_KEY_UISupportedInterfaceOrientations_iPhone = "UIInterfaceOrientationPortrait UIInterfaceOrientationLandscapeLeft UIInterfaceOrientationLandscapeRight";
				LD_RUNPATH_SEARCH_PATHS = (
					"$(inherited)",
					"@executable_path/Frameworks",
				);
				MARKETING_VERSION = 1.0;
				PRODUCT_BUNDLE_IDENTIFIER = com.iOSChatApp.demo;
				PRODUCT_NAME = "$(TARGET_NAME)";
				SWIFT_EMIT_LOC_STRINGS = YES;
				SWIFT_VERSION = 5.0;
				TARGETED_DEVICE_FAMILY = "1,2";
			};
			name = Release;
		};
/* End XCBuildConfiguration section */

/* Begin XCConfigurationList section */
		211D3E242B6934610007CF5D /* Build configuration list for PBXProject "ChatApp" */ = {
			isa = XCConfigurationList;
			buildConfigurations = (
				211D3E3E2B6934620007CF5D /* Debug */,
				211D3E3F2B6934620007CF5D /* Release */,
			);
			defaultConfigurationIsVisible = 0;
			defaultConfigurationName = Release;
		};
		211D3E402B6934620007CF5D /* Build configuration list for PBXNativeTarget "ChatApp" */ = {
			isa = XCConfigurationList;
			buildConfigurations = (
				211D3E412B6934620007CF5D /* Debug */,
				211D3E422B6934620007CF5D /* Release */,
			);
			defaultConfigurationIsVisible = 0;
			defaultConfigurationName = Release;
		};
/* End XCConfigurationList section */

/* Begin XCVersionGroup section */
		211D3E352B6934610007CF5D /* ChatApp.xcdatamodeld */ = {
			isa = XCVersionGroup;
			children = (
				211D3E362B6934610007CF5D /* ChatApp.xcdatamodel */,
			);
			currentVersion = 211D3E362B6934610007CF5D /* ChatApp.xcdatamodel */;
			path = ChatApp.xcdatamodeld;
			sourceTree = "<group>";
			versionGroupType = wrapper.xcdatamodel;
		};
/* End XCVersionGroup section */
	};
	rootObject = 211D3E212B6934610007CF5D /* Project object */;
}
